{
    "_meta": {
        "hash": {
            "sha256": "b88b51e74596829a5244f146437c572bfe64c72490fb0a99a58f6e13b7838519"
        },
        "pipfile-spec": 6,
        "requires": {
            "python_version": "3.10"
        },
        "sources": [
            {
                "name": "pypi",
                "url": "https://pypi.org/simple",
                "verify_ssl": true
            }
        ]
    },
    "default": {
        "certifi": {
            "hashes": [
                "sha256:78884e7c1d4b00ce3cea67b44566851c4343c120abd683433ce934a68ea58872",
                "sha256:d62a0163eb4c2344ac042ab2bdf75399a71a2d8c7d47eac2e2ee91b9d6339569"
            ],
            "version": "==2021.10.8"
        },
        "charset-normalizer": {
            "hashes": [
                "sha256:2842d8f5e82a1f6aa437380934d5e1cd4fcf2003b06fed6940769c164a480a45",
                "sha256:98398a9d69ee80548c762ba991a4728bfc3836768ed226b3945908d1a688371c"
            ],
            "markers": "python_version >= '3'",
            "version": "==2.0.11"
        },
        "idna": {
            "hashes": [
                "sha256:84d9dd047ffa80596e0f246e2eab0b391788b0503584e8945f2368256d2735ff",
                "sha256:9d643ff0a55b762d5cdb124b8eaa99c66322e2157b69160bc32796e824360e6d"
            ],
            "markers": "python_version >= '3'",
            "version": "==3.3"
        },
        "pynput": {
            "hashes": [
                "sha256:19861b2a0c430d646489852f89500e0c9332e295f2c020e7c2775e7046aa2e2f",
                "sha256:264429fbe676e98e9050ad26a7017453bdd08768adb25cafb918347cf9f1eb4a",
                "sha256:3a5726546da54116b687785d38b1db56997ce1d28e53e8d22fc656d8b92e533c"
            ],
            "index": "pypi",
            "version": "==1.7.6"
        },
        "pyobjc-core": {
            "hashes": [
                "sha256:311e45556c3afa8831713b89017e0204562f51f35661d76c07ffe04985f44e1d",
                "sha256:6afb8ee1dd0647cbfaaf99906eca3b43ce045b27e3d4510462d04e7e5361c89b",
                "sha256:711f361e83382e405e4273ff085178b0cf730901ccf6801f834e7037e50278f9",
                "sha256:b4ef4bdb99a330f5e15cc6273098964276fccbc432453cdba3c2963292bc066c",
                "sha256:b879f91fc614c399aafa1d08cf5e279c267510e904bad5c336c3a6064c0eb3aa",
                "sha256:bdd2e2960ec73214bcfe2d86bb4ca94f5f5119db86d129fa32d3c003b6532c50",
                "sha256:fd8e5be0955790ff8f9d17a0f356b6eb7eb1ce4995e0c94355c462dd52d22d6d"
            ],
            "markers": "python_version >= '3.6'",
            "version": "==8.2"
        },
        "pyobjc-framework-applicationservices": {
            "hashes": [
                "sha256:28124bc892045222305cf8953b163495bf662c401e54f48905dafb1104d9c1d1",
                "sha256:32657c4b89983a98fbe831a14884954710719e763197968a20ac07e1daa21f1e",
                "sha256:6ce2c9701590f752a75151b2fe1e462e7a7ad67dec3119a796711ea93ea01031",
                "sha256:b5be1757a8df944a58449c628ed68fc76dd746fcd1e96ebb6db0f734e94cdfc8",
                "sha256:d5c60d66c6ed2569cb042a6c14dd5b9f4d01e182a464b893cd6002ce445b4ddf",
                "sha256:e1727fccc1d48922fa28a4cebf4a6d287d633f451cb03779968df60de8cb1bd0",
                "sha256:f901b2ebb278b7d00033b45cf9ee9d43f651e096ff4c4defa261509238138da8"
            ],
            "markers": "sys_platform == 'darwin'",
            "version": "==8.2"
        },
        "pyobjc-framework-cocoa": {
            "hashes": [
                "sha256:5af73f150e242542735e0663bb5504f88aabaec2a54c60e856cfca3ff6dd9712",
                "sha256:7adf8b57da1c1292c24375b8e74b6dd45f99a4d3c10ba925a9b38f63a97ba782",
                "sha256:86d69bf667f99f3c43184d8830567195fff94c675fe7f60f899dd90553d9b265",
                "sha256:9dbadb22826392c48b00087359f66579f8404a4f4f77498f31f9869c54bb0fa9",
                "sha256:bc8279c8c1544087d46a7e99324f093029df89b8c527c5da2a682bad4cb3197e",
                "sha256:d1de3763ee01850c311da74de5c82c85ec199120e85ab45acaf203accc37a470",
                "sha256:f0901998e2f18415ef6d1f8a12b083f69fc93bd56b3e88040002e3c09bd8c304"
            ],
            "markers": "python_version >= '3.6'",
            "version": "==8.2"
        },
        "pyobjc-framework-quartz": {
            "hashes": [
                "sha256:219d8797235bf071723f8b0f30a681de0b12875e2d04ae902a3a269f72de0b66",
                "sha256:4941b3039ab7bcf89cb4255c381358de2383c1ab45c9e00c3b64655f271a3b32",
                "sha256:7bca7e649da77056348d71032def44e345043319d71b0c592197888d92e3eec1",
                "sha256:8b5c3ca1fef900fa66aafe82fff07bc352c60ea7dceed2bb9b5b1db0957b4fea",
                "sha256:8cb687b20ebfc467034868b38945b573d1c50f237e379cf86c4f557c9766b759",
                "sha256:ab75a50dea84ec794641522d9f035fc6c19ec4eb37a56c9186b9943575fbc7ab",
                "sha256:e5ab3117201a494b11bb1b80febf5dd288111a196b35731815b656ae30ee6ce3"
            ],
            "markers": "sys_platform == 'darwin'",
            "version": "==8.2"
        },
        "requests": {
            "hashes": [
                "sha256:68d7c56fd5a8999887728ef304a6d12edc7be74f1cfa47714fc8b414525c9a61",
                "sha256:f22fa1e554c9ddfd16e6e41ac79759e17be9e492b3587efa038054674760e72d"
            ],
            "index": "pypi",
            "version": "==2.27.1"
        },
        "six": {
            "hashes": [
                "sha256:1e61c37477a1626458e36f7b1d82aa5c9b094fa4802892072e49de9c60c4c926",
                "sha256:8abb2f1d86890a2dfb989f9a77cfcfd3e47c2a354b01111771326f8aa26e0254"
            ],
            "markers": "python_version >= '2.7' and python_version not in '3.0, 3.1, 3.2, 3.3'",
            "version": "==1.16.0"
        },
        "urllib3": {
            "hashes": [
                "sha256:000ca7f471a233c2251c6c7023ee85305721bfdf18621ebff4fd17a8653427ed",
                "sha256:0e7c33d9a63e7ddfcb86780aac87befc2fbddf46c58dbb487e0855f7ceec283c"
            ],
            "markers": "python_version >= '2.7' and python_version not in '3.0, 3.1, 3.2, 3.3, 3.4' and python_version < '4'",
            "version": "==1.26.8"
        }
    },
    "develop": {
        "mypy": {
            "hashes": [
                "sha256:0038b21890867793581e4cb0d810829f5fd4441aa75796b53033af3aa30430ce",
                "sha256:1171f2e0859cfff2d366da2c7092b06130f232c636a3f7301e3feb8b41f6377d",
                "sha256:1b06268df7eb53a8feea99cbfff77a6e2b205e70bf31743e786678ef87ee8069",
                "sha256:1b65714dc296a7991000b6ee59a35b3f550e0073411ac9d3202f6516621ba66c",
                "sha256:1bf752559797c897cdd2c65f7b60c2b6969ffe458417b8d947b8340cc9cec08d",
                "sha256:300717a07ad09525401a508ef5d105e6b56646f7942eb92715a1c8d610149714",
                "sha256:3c5b42d0815e15518b1f0990cff7a705805961613e701db60387e6fb663fe78a",
                "sha256:4365c60266b95a3f216a3047f1d8e3f895da6c7402e9e1ddfab96393122cc58d",
                "sha256:50c7346a46dc76a4ed88f3277d4959de8a2bd0a0fa47fa87a4cde36fe247ac05",
                "sha256:5b56154f8c09427bae082b32275a21f500b24d93c88d69a5e82f3978018a0266",
                "sha256:74f7eccbfd436abe9c352ad9fb65872cc0f1f0a868e9d9c44db0893440f0c697",
                "sha256:7b3f6f557ba4afc7f2ce6d3215d5db279bcf120b3cfd0add20a5d4f4abdae5bc",
                "sha256:8c11003aaeaf7cc2d0f1bc101c1cc9454ec4cc9cb825aef3cafff8a5fdf4c799",
                "sha256:8ca7f8c4b1584d63c9a0f827c37ba7a47226c19a23a753d52e5b5eddb201afcd",
                "sha256:c89702cac5b302f0c5d33b172d2b55b5df2bede3344a2fbed99ff96bddb2cf00",
                "sha256:d8f1ff62f7a879c9fe5917b3f9eb93a79b78aad47b533911b853a757223f72e7",
                "sha256:d9d2b84b2007cea426e327d2483238f040c49405a6bf4074f605f0156c91a47a",
                "sha256:e839191b8da5b4e5d805f940537efcaa13ea5dd98418f06dc585d2891d228cf0",
                "sha256:f9fe20d0872b26c4bba1c1be02c5340de1019530302cf2dcc85c7f9fc3252ae0",
                "sha256:ff3bf387c14c805ab1388185dd22d6b210824e164d4bb324b195ff34e322d166"
            ],
            "index": "pypi",
            "version": "==0.931"
        },
        "mypy-extensions": {
            "hashes": [
                "sha256:090fedd75945a69ae91ce1303b5824f428daf5a028d2f6ab8a299250a846f15d",
                "sha256:2d82818f5bb3e369420cb3c4060a7970edba416647068eb4c5343488a6c604a8"
            ],
            "version": "==0.4.3"
        },
        "pep8": {
            "hashes": [
                "sha256:b22cfae5db09833bb9bd7c8463b53e1a9c9b39f12e304a8d0bba729c501827ee",
                "sha256:fe249b52e20498e59e0b5c5256aa52ee99fc295b26ec9eaa85776ffdb9fe6374"
            ],
            "index": "pypi",
            "version": "==1.7.1"
        },
        "tomli": {
            "hashes": [
                "sha256:939de3e7a6161af0c887ef91b7d41a53e7c5a1ca976325f429cb46ea9bc30ecc",
                "sha256:de526c12914f0c550d15924c62d72abc48d6fe7364aa87328337a31007fe8a4f"
            ],
            "markers": "python_version >= '3.7'",
            "version": "==2.0.1"
        },
        "types-requests": {
            "hashes": [
                "sha256:7368974534d297939492efdfdab232930440b11e2203f6df1f0c40e3242a87ea",
                "sha256:74070045418faf710f3154403d6a16c9e67db50e5119906ca6955f1658d20f7b"
            ],
            "index": "pypi",
            "version": "==2.27.9"
        },
        "types-urllib3": {
            "hashes": [
                "sha256:4a54f6274ab1c80968115634a55fb9341a699492b95e32104a7c513db9fe02e9",
                "sha256:abd2d4857837482b1834b4817f0587678dcc531dbc9abe4cde4da28cef3f522c"
            ],
            "version": "==1.26.9"
        },
        "typing-extensions": {
            "hashes": [
                "sha256:4ca091dea149f945ec56afb48dae714f21e8692ef22a395223bcd328961b6a0e",
                "sha256:7f001e5ac290a0c0401508864c7ec868be4e701886d5b573a9528ed3973d9d3b"
            ],
            "markers": "python_version >= '3.6'",
            "version": "==4.0.1"
        }
    }
}
